<?xml version="1.0" encoding="UTF-8"?>
<Scheme
   version = "1.3">
   <BuildAction>
      <BuildActionEntries>
         <BuildActionEntry
            buildForRunning = "YES">
            <BuildableReference
               BuildableIdentifier = "primary"
               BlueprintIdentifier = "81CAD34922E976C3009F3C87"
               BuildableName = "DesignPatterns.app"
               BlueprintName = "DesignPatterns"
               ReferencedContainer = "container:DesignPatterns.xcodeproj">
            </BuildableReference>
         </BuildActionEntry>
      </BuildActionEntries>
   </BuildAction>
   <LaunchAction
      useCustomWorkingDirectory = "NO"
      buildConfiguration = "Debug"
      allowLocationSimulation = "YES">
      <BuildableProductRunnable>
         <BuildableReference
            BuildableIdentifier = "primary"
            BlueprintIdentifier = "81CAD34922E976C3009F3C87"
            BuildableName = "DesignPatterns.app"
            BlueprintName = "DesignPatterns"
            ReferencedContainer = "container:DesignPatterns.xcodeproj">
         </BuildableReference>
      </BuildableProductRunnable>
   </LaunchAction>
</Scheme>
